// !$*UTF8*$!
{
	archiveVersion = 1;
	classes = {
	};
	objectVersion = 46;
	objects = {

/* Begin PBXBuildFile section */
		531BF73520DE651C008EE6CF /* iOSCommonUI.podspec in Resources */ = {isa = PBXBuildFile; fileRef = 531BF73420DE651C008EE6CF /* iOSCommonUI.podspec */; };
		5336A7851FCA5EAF00883093 /* iOSCommonUI.h in Headers */ = {isa = PBXBuildFile; fileRef = 5336A7771FCA5EAF00883093 /* iOSCommonUI.h */; settings = {ATTRIBUTES = (Public, ); }; };
		5362127321A1057D005ED2F1 /* Validation.swift in Sources */ = {isa = PBXBuildFile; fileRef = 5362127221A1057D005ED2F1 /* Validation.swift */; };
		5362127821A105C8005ED2F1 /* RegistrationV2.xib in Resources */ = {isa = PBXBuildFile; fileRef = 5362127421A105C8005ED2F1 /* RegistrationV2.xib */; };
		5362127921A105C8005ED2F1 /* Registration.xib in Resources */ = {isa = PBXBuildFile; fileRef = 5362127521A105C8005ED2F1 /* Registration.xib */; };
		5362127A21A105C8005ED2F1 /* Registration.swift in Sources */ = {isa = PBXBuildFile; fileRef = 5362127621A105C8005ED2F1 /* Registration.swift */; };
		5362127B21A105C8005ED2F1 /* RegistrationV2.swift in Sources */ = {isa = PBXBuildFile; fileRef = 5362127721A105C8005ED2F1 /* RegistrationV2.swift */; };
		5367D5ED21A1136100771DC7 /* Media.xcassets in Resources */ = {isa = PBXBuildFile; fileRef = 5367D5EC21A1136000771DC7 /* Media.xcassets */; };
		5367D5EF21A1210F00771DC7 /* LICENSE in Resources */ = {isa = PBXBuildFile; fileRef = 5367D5EE21A1210F00771DC7 /* LICENSE */; };
		53A7AA6E21A1022F001F0DE7 /* ButtonTableViewCellv2.xib in Resources */ = {isa = PBXBuildFile; fileRef = 53A7AA1621A1022E001F0DE7 /* ButtonTableViewCellv2.xib */; };
		53A7AA6F21A1022F001F0DE7 /* ButtonTableViewCellv2.swift in Sources */ = {isa = PBXBuildFile; fileRef = 53A7AA1721A1022E001F0DE7 /* ButtonTableViewCellv2.swift */; };
		53A7AA7021A1022F001F0DE7 /* LabelTableViewCell.swift in Sources */ = {isa = PBXBuildFile; fileRef = 53A7AA1921A1022E001F0DE7 /* LabelTableViewCell.swift */; };
		53A7AA7121A1022F001F0DE7 /* LabelTableViewCell.xib in Resources */ = {isa = PBXBuildFile; fileRef = 53A7AA1A21A1022E001F0DE7 /* LabelTableViewCell.xib */; };
		53A7AA7221A1022F001F0DE7 /* HeaderTableViewCell.xib in Resources */ = {isa = PBXBuildFile; fileRef = 53A7AA1C21A1022E001F0DE7 /* HeaderTableViewCell.xib */; };
		53A7AA7321A1022F001F0DE7 /* HeaderTableViewCell.swift in Sources */ = {isa = PBXBuildFile; fileRef = 53A7AA1D21A1022E001F0DE7 /* HeaderTableViewCell.swift */; };
		53A7AA7421A1022F001F0DE7 /* TextViewTableViewCell.swift in Sources */ = {isa = PBXBuildFile; fileRef = 53A7AA1F21A1022E001F0DE7 /* TextViewTableViewCell.swift */; };
		53A7AA7521A1022F001F0DE7 /* TextViewTableViewCell.xib in Resources */ = {isa = PBXBuildFile; fileRef = 53A7AA2021A1022E001F0DE7 /* TextViewTableViewCell.xib */; };
		53A7AA7621A1022F001F0DE7 /* ImageViewTableViewCell.xib in Resources */ = {isa = PBXBuildFile; fileRef = 53A7AA2221A1022E001F0DE7 /* ImageViewTableViewCell.xib */; };
		53A7AA7721A1022F001F0DE7 /* ImageViewTableViewCell.swift in Sources */ = {isa = PBXBuildFile; fileRef = 53A7AA2321A1022E001F0DE7 /* ImageViewTableViewCell.swift */; };
		53A7AA7821A1022F001F0DE7 /* TextFieldTableViewCell.xib in Resources */ = {isa = PBXBuildFile; fileRef = 53A7AA2521A1022E001F0DE7 /* TextFieldTableViewCell.xib */; };
		53A7AA7921A1022F001F0DE7 /* TextFieldTableViewCell.swift in Sources */ = {isa = PBXBuildFile; fileRef = 53A7AA2621A1022E001F0DE7 /* TextFieldTableViewCell.swift */; };
		53A7AA7A21A1022F001F0DE7 /* PickerButtonTableViewCell.swift in Sources */ = {isa = PBXBuildFile; fileRef = 53A7AA2821A1022E001F0DE7 /* PickerButtonTableViewCell.swift */; };
		53A7AA7B21A1022F001F0DE7 /* PickerButtonTableViewCell.xib in Resources */ = {isa = PBXBuildFile; fileRef = 53A7AA2921A1022E001F0DE7 /* PickerButtonTableViewCell.xib */; };
		53A7AA7C21A1022F001F0DE7 /* LabelCollectionViewCell.swift in Sources */ = {isa = PBXBuildFile; fileRef = 53A7AA2B21A1022E001F0DE7 /* LabelCollectionViewCell.swift */; };
		53A7AA7D21A1022F001F0DE7 /* LabelCollectionViewCell.xib in Resources */ = {isa = PBXBuildFile; fileRef = 53A7AA2C21A1022E001F0DE7 /* LabelCollectionViewCell.xib */; };
		53A7AA7E21A1022F001F0DE7 /* CheckBoxWithLabelTableViewCell.swift in Sources */ = {isa = PBXBuildFile; fileRef = 53A7AA2E21A1022E001F0DE7 /* CheckBoxWithLabelTableViewCell.swift */; };
		53A7AA7F21A1022F001F0DE7 /* CheckBoxWithLabelTableViewCell.xib in Resources */ = {isa = PBXBuildFile; fileRef = 53A7AA2F21A1022E001F0DE7 /* CheckBoxWithLabelTableViewCell.xib */; };
		53A7AA8021A1022F001F0DE7 /* TextFieldTableViewCellV2.xib in Resources */ = {isa = PBXBuildFile; fileRef = 53A7AA3121A1022E001F0DE7 /* TextFieldTableViewCellV2.xib */; };
		53A7AA8121A1022F001F0DE7 /* TextFieldTableViewCellV2.swift in Sources */ = {isa = PBXBuildFile; fileRef = 53A7AA3221A1022E001F0DE7 /* TextFieldTableViewCellV2.swift */; };
		53A7AA8221A1022F001F0DE7 /* LoaderCustomTableViewCell.swift in Sources */ = {isa = PBXBuildFile; fileRef = 53A7AA3421A1022E001F0DE7 /* LoaderCustomTableViewCell.swift */; };
		53A7AA8321A1022F001F0DE7 /* LoaderCustomTableViewCell.xib in Resources */ = {isa = PBXBuildFile; fileRef = 53A7AA3521A1022E001F0DE7 /* LoaderCustomTableViewCell.xib */; };
		53A7AA8421A1022F001F0DE7 /* CheckBoxWithLabelTableViewCellv2.swift in Sources */ = {isa = PBXBuildFile; fileRef = 53A7AA3721A1022E001F0DE7 /* CheckBoxWithLabelTableViewCellv2.swift */; };
		53A7AA8521A1022F001F0DE7 /* CheckBoxWithLabelTableViewCellv2.xib in Resources */ = {isa = PBXBuildFile; fileRef = 53A7AA3821A1022E001F0DE7 /* CheckBoxWithLabelTableViewCellv2.xib */; };
		53A7AA8621A1022F001F0DE7 /* TableViewCellImageView.swift in Sources */ = {isa = PBXBuildFile; fileRef = 53A7AA3A21A1022E001F0DE7 /* TableViewCellImageView.swift */; };
		53A7AA8721A1022F001F0DE7 /* TableViewCellImageView.xib in Resources */ = {isa = PBXBuildFile; fileRef = 53A7AA3B21A1022E001F0DE7 /* TableViewCellImageView.xib */; };
		53A7AA8821A1022F001F0DE7 /* TwoColumnContactTableViewCell.swift in Sources */ = {isa = PBXBuildFile; fileRef = 53A7AA3D21A1022E001F0DE7 /* TwoColumnContactTableViewCell.swift */; };
		53A7AA8921A1022F001F0DE7 /* TwoColumnContactTableViewCell.xib in Resources */ = {isa = PBXBuildFile; fileRef = 53A7AA3E21A1022E001F0DE7 /* TwoColumnContactTableViewCell.xib */; };
		53A7AA8A21A1022F001F0DE7 /* HeaderWithSeparatorTableViewCell.swift in Sources */ = {isa = PBXBuildFile; fileRef = 53A7AA4021A1022E001F0DE7 /* HeaderWithSeparatorTableViewCell.swift */; };
		53A7AA8B21A1022F001F0DE7 /* HeaderWithSeparatorTableViewCell.xib in Resources */ = {isa = PBXBuildFile; fileRef = 53A7AA4121A1022E001F0DE7 /* HeaderWithSeparatorTableViewCell.xib */; };
		53A7AA8C21A1022F001F0DE7 /* ImageViewTitleTableViewCell.swift in Sources */ = {isa = PBXBuildFile; fileRef = 53A7AA4321A1022E001F0DE7 /* ImageViewTitleTableViewCell.swift */; };
		53A7AA8D21A1022F001F0DE7 /* ImageViewTitleTableViewCell.xib in Resources */ = {isa = PBXBuildFile; fileRef = 53A7AA4421A1022E001F0DE7 /* ImageViewTitleTableViewCell.xib */; };
		53A7AA8E21A1022F001F0DE7 /* SubmitBtnTableViewCell.xib in Resources */ = {isa = PBXBuildFile; fileRef = 53A7AA4621A1022E001F0DE7 /* SubmitBtnTableViewCell.xib */; };
		53A7AA8F21A1022F001F0DE7 /* SubmitBtnTableViewCell.swift in Sources */ = {isa = PBXBuildFile; fileRef = 53A7AA4721A1022E001F0DE7 /* SubmitBtnTableViewCell.swift */; };
		53A7AA9021A1022F001F0DE7 /* LoaderTableViewCell.xib in Resources */ = {isa = PBXBuildFile; fileRef = 53A7AA4921A1022E001F0DE7 /* LoaderTableViewCell.xib */; };
		53A7AA9121A1022F001F0DE7 /* LoaderTableViewCell.swift in Sources */ = {isa = PBXBuildFile; fileRef = 53A7AA4A21A1022E001F0DE7 /* LoaderTableViewCell.swift */; };
		53A7AA9421A1022F001F0DE7 /* ForgotPasswordView.swift in Sources */ = {isa = PBXBuildFile; fileRef = 53A7AA4E21A1022F001F0DE7 /* ForgotPasswordView.swift */; };
		53A7AA9521A1022F001F0DE7 /* GradientView.swift in Sources */ = {isa = PBXBuildFile; fileRef = 53A7AA4F21A1022F001F0DE7 /* GradientView.swift */; };
		53A7AA9621A1022F001F0DE7 /* LoginView.xib in Resources */ = {isa = PBXBuildFile; fileRef = 53A7AA5121A1022F001F0DE7 /* LoginView.xib */; };
		53A7AA9721A1022F001F0DE7 /* LoginView.swift in Sources */ = {isa = PBXBuildFile; fileRef = 53A7AA5221A1022F001F0DE7 /* LoginView.swift */; };
		53A7AA9821A1022F001F0DE7 /* LoginViewWagtales_design1.swift in Sources */ = {isa = PBXBuildFile; fileRef = 53A7AA5321A1022F001F0DE7 /* LoginViewWagtales_design1.swift */; };
		53A7AA9921A1022F001F0DE7 /* LoginViewWagtales_design1.xib in Resources */ = {isa = PBXBuildFile; fileRef = 53A7AA5421A1022F001F0DE7 /* LoginViewWagtales_design1.xib */; };
		53A7AA9A21A1022F001F0DE7 /* LoginViewGoogleV2.swift in Sources */ = {isa = PBXBuildFile; fileRef = 53A7AA5521A1022F001F0DE7 /* LoginViewGoogleV2.swift */; };
		53A7AA9B21A1022F001F0DE7 /* LoginViewGoogle.swift in Sources */ = {isa = PBXBuildFile; fileRef = 53A7AA5621A1022F001F0DE7 /* LoginViewGoogle.swift */; };
		53A7AA9C21A1022F001F0DE7 /* LoginViewGoogleV2.xib in Resources */ = {isa = PBXBuildFile; fileRef = 53A7AA5721A1022F001F0DE7 /* LoginViewGoogleV2.xib */; };
		53A7AA9D21A1022F001F0DE7 /* LoginViewWagtales.swift in Sources */ = {isa = PBXBuildFile; fileRef = 53A7AA5821A1022F001F0DE7 /* LoginViewWagtales.swift */; };
		53A7AA9E21A1022F001F0DE7 /* LoginViewWagtales.xib in Resources */ = {isa = PBXBuildFile; fileRef = 53A7AA5921A1022F001F0DE7 /* LoginViewWagtales.xib */; };
		53A7AA9F21A1022F001F0DE7 /* LoginViewGoogle.xib in Resources */ = {isa = PBXBuildFile; fileRef = 53A7AA5A21A1022F001F0DE7 /* LoginViewGoogle.xib */; };
		53A7AAA621A1022F001F0DE7 /* FeedBackView.swift in Sources */ = {isa = PBXBuildFile; fileRef = 53A7AA6321A1022F001F0DE7 /* FeedBackView.swift */; };
		53A7AAA721A1022F001F0DE7 /* DesignableView.swift in Sources */ = {isa = PBXBuildFile; fileRef = 53A7AA6421A1022F001F0DE7 /* DesignableView.swift */; };
		53A7AAAA21A1022F001F0DE7 /* WalkthroughHolderViewController1.swift in Sources */ = {isa = PBXBuildFile; fileRef = 53A7AA6821A1022F001F0DE7 /* WalkthroughHolderViewController1.swift */; };
		53A7AAAB21A1022F001F0DE7 /* ContentViewPage.swift in Sources */ = {isa = PBXBuildFile; fileRef = 53A7AA6921A1022F001F0DE7 /* ContentViewPage.swift */; };
		53A7AAAC21A1022F001F0DE7 /* WalkThroughPageViewController.swift in Sources */ = {isa = PBXBuildFile; fileRef = 53A7AA6A21A1022F001F0DE7 /* WalkThroughPageViewController.swift */; };
		53A7AAAD21A1022F001F0DE7 /* PageNewViewController.swift in Sources */ = {isa = PBXBuildFile; fileRef = 53A7AA6B21A1022F001F0DE7 /* PageNewViewController.swift */; };
		53A7AAAE21A1022F001F0DE7 /* WalkThroughViewController.swift in Sources */ = {isa = PBXBuildFile; fileRef = 53A7AA6C21A1022F001F0DE7 /* WalkThroughViewController.swift */; };
		53A7AAAF21A1022F001F0DE7 /* WalkthroughViewController1.swift in Sources */ = {isa = PBXBuildFile; fileRef = 53A7AA6D21A1022F001F0DE7 /* WalkthroughViewController1.swift */; };
		53A7AAB121A102C2001F0DE7 /* Constant.swift in Sources */ = {isa = PBXBuildFile; fileRef = 53A7AAB021A102C2001F0DE7 /* Constant.swift */; };
		53A7AAB321A102D1001F0DE7 /* Extensions.swift in Sources */ = {isa = PBXBuildFile; fileRef = 53A7AAB221A102D1001F0DE7 /* Extensions.swift */; };
		53A7AAB621A102E3001F0DE7 /* FeedBackView.xib in Resources */ = {isa = PBXBuildFile; fileRef = 53A7AAB421A102E3001F0DE7 /* FeedBackView.xib */; };
		53A7AABB21A102FD001F0DE7 /* ForgotPasswordView.xib in Resources */ = {isa = PBXBuildFile; fileRef = 53A7AAB921A102FD001F0DE7 /* ForgotPasswordView.xib */; };
		53A7AABD21A1030A001F0DE7 /* Loader.swift in Sources */ = {isa = PBXBuildFile; fileRef = 53A7AABC21A1030A001F0DE7 /* Loader.swift */; };
		53E075C120DF657500549DE2 /* README.md in Resources */ = {isa = PBXBuildFile; fileRef = 53E075C020DF657500549DE2 /* README.md */; };
		6409F0662C885938E385B323 /* Pods_iOSCommonUITests.framework in Frameworks */ = {isa = PBXBuildFile; fileRef = A1C26F7528A4A7204F0F4FF9 /* Pods_iOSCommonUITests.framework */; };
		9D2828545A6C52F826B05E20 /* Pods_iOSCommonUI.framework in Frameworks */ = {isa = PBXBuildFile; fileRef = C64B30FF1E95A078B9CD9B3B /* Pods_iOSCommonUI.framework */; };
/* End PBXBuildFile section */

/* Begin PBXContainerItemProxy section */
		5336A77F1FCA5EAF00883093 /* PBXContainerItemProxy */ = {
			isa = PBXContainerItemProxy;
			containerPortal = 5336A76B1FCA5EAF00883093 /* Project object */;
			proxyType = 1;
			remoteGlobalIDString = 5336A7731FCA5EAF00883093;
			remoteInfo = iOSCommonUI;
		};
/* End PBXContainerItemProxy section */

/* Begin PBXFileReference section */
		081E0772AA8728A6EF604D6B /* Pods-iOSCommonUITests.release.xcconfig */ = {isa = PBXFileReference; includeInIndex = 1; lastKnownFileType = text.xcconfig; name = "Pods-iOSCommonUITests.release.xcconfig"; path = "Pods/Target Support Files/Pods-iOSCommonUITests/Pods-iOSCommonUITests.release.xcconfig"; sourceTree = "<group>"; };
		531BF73420DE651C008EE6CF /* iOSCommonUI.podspec */ = {isa = PBXFileReference; fileEncoding = 4; lastKnownFileType = text; path = iOSCommonUI.podspec; sourceTree = SOURCE_ROOT; xcLanguageSpecificationIdentifier = xcode.lang.ruby; };
		5336A7741FCA5EAF00883093 /* iOSCommonUI.framework */ = {isa = PBXFileReference; explicitFileType = wrapper.framework; includeInIndex = 0; path = iOSCommonUI.framework; sourceTree = BUILT_PRODUCTS_DIR; };
		5336A7771FCA5EAF00883093 /* iOSCommonUI.h */ = {isa = PBXFileReference; lastKnownFileType = sourcecode.c.h; path = iOSCommonUI.h; sourceTree = "<group>"; };
		5336A7781FCA5EAF00883093 /* Info.plist */ = {isa = PBXFileReference; lastKnownFileType = text.plist.xml; path = Info.plist; sourceTree = "<group>"; };
		5336A77D1FCA5EAF00883093 /* iOSCommonUITests.xctest */ = {isa = PBXFileReference; explicitFileType = wrapper.cfbundle; includeInIndex = 0; path = iOSCommonUITests.xctest; sourceTree = BUILT_PRODUCTS_DIR; };
		5362127221A1057D005ED2F1 /* Validation.swift */ = {isa = PBXFileReference; fileEncoding = 4; lastKnownFileType = sourcecode.swift; path = Validation.swift; sourceTree = "<group>"; };
		5362127421A105C8005ED2F1 /* RegistrationV2.xib */ = {isa = PBXFileReference; fileEncoding = 4; lastKnownFileType = file.xib; path = RegistrationV2.xib; sourceTree = "<group>"; };
		5362127521A105C8005ED2F1 /* Registration.xib */ = {isa = PBXFileReference; fileEncoding = 4; lastKnownFileType = file.xib; path = Registration.xib; sourceTree = "<group>"; };
		5362127621A105C8005ED2F1 /* Registration.swift */ = {isa = PBXFileReference; fileEncoding = 4; lastKnownFileType = sourcecode.swift; path = Registration.swift; sourceTree = "<group>"; };
		5362127721A105C8005ED2F1 /* RegistrationV2.swift */ = {isa = PBXFileReference; fileEncoding = 4; lastKnownFileType = sourcecode.swift; path = RegistrationV2.swift; sourceTree = "<group>"; };
		5367D5EC21A1136000771DC7 /* Media.xcassets */ = {isa = PBXFileReference; lastKnownFileType = folder.assetcatalog; path = Media.xcassets; sourceTree = "<group>"; };
		5367D5EE21A1210F00771DC7 /* LICENSE */ = {isa = PBXFileReference; fileEncoding = 4; lastKnownFileType = text; path = LICENSE; sourceTree = SOURCE_ROOT; };
		53A7AA1621A1022E001F0DE7 /* ButtonTableViewCellv2.xib */ = {isa = PBXFileReference; fileEncoding = 4; lastKnownFileType = file.xib; path = ButtonTableViewCellv2.xib; sourceTree = "<group>"; };
		53A7AA1721A1022E001F0DE7 /* ButtonTableViewCellv2.swift */ = {isa = PBXFileReference; fileEncoding = 4; lastKnownFileType = sourcecode.swift; path = ButtonTableViewCellv2.swift; sourceTree = "<group>"; };
		53A7AA1921A1022E001F0DE7 /* LabelTableViewCell.swift */ = {isa = PBXFileReference; fileEncoding = 4; lastKnownFileType = sourcecode.swift; path = LabelTableViewCell.swift; sourceTree = "<group>"; };
		53A7AA1A21A1022E001F0DE7 /* LabelTableViewCell.xib */ = {isa = PBXFileReference; fileEncoding = 4; lastKnownFileType = file.xib; path = LabelTableViewCell.xib; sourceTree = "<group>"; };
		53A7AA1C21A1022E001F0DE7 /* HeaderTableViewCell.xib */ = {isa = PBXFileReference; fileEncoding = 4; lastKnownFileType = file.xib; path = HeaderTableViewCell.xib; sourceTree = "<group>"; };
		53A7AA1D21A1022E001F0DE7 /* HeaderTableViewCell.swift */ = {isa = PBXFileReference; fileEncoding = 4; lastKnownFileType = sourcecode.swift; path = HeaderTableViewCell.swift; sourceTree = "<group>"; };
		53A7AA1F21A1022E001F0DE7 /* TextViewTableViewCell.swift */ = {isa = PBXFileReference; fileEncoding = 4; lastKnownFileType = sourcecode.swift; path = TextViewTableViewCell.swift; sourceTree = "<group>"; };
		53A7AA2021A1022E001F0DE7 /* TextViewTableViewCell.xib */ = {isa = PBXFileReference; fileEncoding = 4; lastKnownFileType = file.xib; path = TextViewTableViewCell.xib; sourceTree = "<group>"; };
		53A7AA2221A1022E001F0DE7 /* ImageViewTableViewCell.xib */ = {isa = PBXFileReference; fileEncoding = 4; lastKnownFileType = file.xib; path = ImageViewTableViewCell.xib; sourceTree = "<group>"; };
		53A7AA2321A1022E001F0DE7 /* ImageViewTableViewCell.swift */ = {isa = PBXFileReference; fileEncoding = 4; lastKnownFileType = sourcecode.swift; path = ImageViewTableViewCell.swift; sourceTree = "<group>"; };
		53A7AA2521A1022E001F0DE7 /* TextFieldTableViewCell.xib */ = {isa = PBXFileReference; fileEncoding = 4; lastKnownFileType = file.xib; path = TextFieldTableViewCell.xib; sourceTree = "<group>"; };
		53A7AA2621A1022E001F0DE7 /* TextFieldTableViewCell.swift */ = {isa = PBXFileReference; fileEncoding = 4; lastKnownFileType = sourcecode.swift; path = TextFieldTableViewCell.swift; sourceTree = "<group>"; };
		53A7AA2821A1022E001F0DE7 /* PickerButtonTableViewCell.swift */ = {isa = PBXFileReference; fileEncoding = 4; lastKnownFileType = sourcecode.swift; path = PickerButtonTableViewCell.swift; sourceTree = "<group>"; };
		53A7AA2921A1022E001F0DE7 /* PickerButtonTableViewCell.xib */ = {isa = PBXFileReference; fileEncoding = 4; lastKnownFileType = file.xib; path = PickerButtonTableViewCell.xib; sourceTree = "<group>"; };
		53A7AA2B21A1022E001F0DE7 /* LabelCollectionViewCell.swift */ = {isa = PBXFileReference; fileEncoding = 4; lastKnownFileType = sourcecode.swift; path = LabelCollectionViewCell.swift; sourceTree = "<group>"; };
		53A7AA2C21A1022E001F0DE7 /* LabelCollectionViewCell.xib */ = {isa = PBXFileReference; fileEncoding = 4; lastKnownFileType = file.xib; path = LabelCollectionViewCell.xib; sourceTree = "<group>"; };
		53A7AA2E21A1022E001F0DE7 /* CheckBoxWithLabelTableViewCell.swift */ = {isa = PBXFileReference; fileEncoding = 4; lastKnownFileType = sourcecode.swift; path = CheckBoxWithLabelTableViewCell.swift; sourceTree = "<group>"; };
		53A7AA2F21A1022E001F0DE7 /* CheckBoxWithLabelTableViewCell.xib */ = {isa = PBXFileReference; fileEncoding = 4; lastKnownFileType = file.xib; path = CheckBoxWithLabelTableViewCell.xib; sourceTree = "<group>"; };
		53A7AA3121A1022E001F0DE7 /* TextFieldTableViewCellV2.xib */ = {isa = PBXFileReference; fileEncoding = 4; lastKnownFileType = file.xib; path = TextFieldTableViewCellV2.xib; sourceTree = "<group>"; };
		53A7AA3221A1022E001F0DE7 /* TextFieldTableViewCellV2.swift */ = {isa = PBXFileReference; fileEncoding = 4; lastKnownFileType = sourcecode.swift; path = TextFieldTableViewCellV2.swift; sourceTree = "<group>"; };
		53A7AA3421A1022E001F0DE7 /* LoaderCustomTableViewCell.swift */ = {isa = PBXFileReference; fileEncoding = 4; lastKnownFileType = sourcecode.swift; path = LoaderCustomTableViewCell.swift; sourceTree = "<group>"; };
		53A7AA3521A1022E001F0DE7 /* LoaderCustomTableViewCell.xib */ = {isa = PBXFileReference; fileEncoding = 4; lastKnownFileType = file.xib; path = LoaderCustomTableViewCell.xib; sourceTree = "<group>"; };
		53A7AA3721A1022E001F0DE7 /* CheckBoxWithLabelTableViewCellv2.swift */ = {isa = PBXFileReference; fileEncoding = 4; lastKnownFileType = sourcecode.swift; path = CheckBoxWithLabelTableViewCellv2.swift; sourceTree = "<group>"; };
		53A7AA3821A1022E001F0DE7 /* CheckBoxWithLabelTableViewCellv2.xib */ = {isa = PBXFileReference; fileEncoding = 4; lastKnownFileType = file.xib; path = CheckBoxWithLabelTableViewCellv2.xib; sourceTree = "<group>"; };
		53A7AA3A21A1022E001F0DE7 /* TableViewCellImageView.swift */ = {isa = PBXFileReference; fileEncoding = 4; lastKnownFileType = sourcecode.swift; path = TableViewCellImageView.swift; sourceTree = "<group>"; };
		53A7AA3B21A1022E001F0DE7 /* TableViewCellImageView.xib */ = {isa = PBXFileReference; fileEncoding = 4; lastKnownFileType = file.xib; path = TableViewCellImageView.xib; sourceTree = "<group>"; };
		53A7AA3D21A1022E001F0DE7 /* TwoColumnContactTableViewCell.swift */ = {isa = PBXFileReference; fileEncoding = 4; lastKnownFileType = sourcecode.swift; path = TwoColumnContactTableViewCell.swift; sourceTree = "<group>"; };
		53A7AA3E21A1022E001F0DE7 /* TwoColumnContactTableViewCell.xib */ = {isa = PBXFileReference; fileEncoding = 4; lastKnownFileType = file.xib; path = TwoColumnContactTableViewCell.xib; sourceTree = "<group>"; };
		53A7AA4021A1022E001F0DE7 /* HeaderWithSeparatorTableViewCell.swift */ = {isa = PBXFileReference; fileEncoding = 4; lastKnownFileType = sourcecode.swift; path = HeaderWithSeparatorTableViewCell.swift; sourceTree = "<group>"; };
		53A7AA4121A1022E001F0DE7 /* HeaderWithSeparatorTableViewCell.xib */ = {isa = PBXFileReference; fileEncoding = 4; lastKnownFileType = file.xib; path = HeaderWithSeparatorTableViewCell.xib; sourceTree = "<group>"; };
		53A7AA4321A1022E001F0DE7 /* ImageViewTitleTableViewCell.swift */ = {isa = PBXFileReference; fileEncoding = 4; lastKnownFileType = sourcecode.swift; path = ImageViewTitleTableViewCell.swift; sourceTree = "<group>"; };
		53A7AA4421A1022E001F0DE7 /* ImageViewTitleTableViewCell.xib */ = {isa = PBXFileReference; fileEncoding = 4; lastKnownFileType = file.xib; path = ImageViewTitleTableViewCell.xib; sourceTree = "<group>"; };
		53A7AA4621A1022E001F0DE7 /* SubmitBtnTableViewCell.xib */ = {isa = PBXFileReference; fileEncoding = 4; lastKnownFileType = file.xib; path = SubmitBtnTableViewCell.xib; sourceTree = "<group>"; };
		53A7AA4721A1022E001F0DE7 /* SubmitBtnTableViewCell.swift */ = {isa = PBXFileReference; fileEncoding = 4; lastKnownFileType = sourcecode.swift; path = SubmitBtnTableViewCell.swift; sourceTree = "<group>"; };
		53A7AA4921A1022E001F0DE7 /* LoaderTableViewCell.xib */ = {isa = PBXFileReference; fileEncoding = 4; lastKnownFileType = file.xib; path = LoaderTableViewCell.xib; sourceTree = "<group>"; };
		53A7AA4A21A1022E001F0DE7 /* LoaderTableViewCell.swift */ = {isa = PBXFileReference; fileEncoding = 4; lastKnownFileType = sourcecode.swift; path = LoaderTableViewCell.swift; sourceTree = "<group>"; };
		53A7AA4D21A1022F001F0DE7 /* ForgotPasswordView.xib */ = {isa = PBXFileReference; fileEncoding = 4; lastKnownFileType = file.xib; path = ForgotPasswordView.xib; sourceTree = "<group>"; };
		53A7AA4E21A1022F001F0DE7 /* ForgotPasswordView.swift */ = {isa = PBXFileReference; fileEncoding = 4; lastKnownFileType = sourcecode.swift; path = ForgotPasswordView.swift; sourceTree = "<group>"; };
		53A7AA4F21A1022F001F0DE7 /* GradientView.swift */ = {isa = PBXFileReference; fileEncoding = 4; lastKnownFileType = sourcecode.swift; name = GradientView.swift; path = iOSCommonUI/Pod/GradientView.swift; sourceTree = SOURCE_ROOT; };
		53A7AA5121A1022F001F0DE7 /* LoginView.xib */ = {isa = PBXFileReference; fileEncoding = 4; lastKnownFileType = file.xib; path = LoginView.xib; sourceTree = "<group>"; };
		53A7AA5221A1022F001F0DE7 /* LoginView.swift */ = {isa = PBXFileReference; fileEncoding = 4; lastKnownFileType = sourcecode.swift; path = LoginView.swift; sourceTree = "<group>"; };
		53A7AA5321A1022F001F0DE7 /* LoginViewWagtales_design1.swift */ = {isa = PBXFileReference; fileEncoding = 4; lastKnownFileType = sourcecode.swift; path = LoginViewWagtales_design1.swift; sourceTree = "<group>"; };
		53A7AA5421A1022F001F0DE7 /* LoginViewWagtales_design1.xib */ = {isa = PBXFileReference; fileEncoding = 4; lastKnownFileType = file.xib; path = LoginViewWagtales_design1.xib; sourceTree = "<group>"; };
		53A7AA5521A1022F001F0DE7 /* LoginViewGoogleV2.swift */ = {isa = PBXFileReference; fileEncoding = 4; lastKnownFileType = sourcecode.swift; path = LoginViewGoogleV2.swift; sourceTree = "<group>"; };
		53A7AA5621A1022F001F0DE7 /* LoginViewGoogle.swift */ = {isa = PBXFileReference; fileEncoding = 4; lastKnownFileType = sourcecode.swift; path = LoginViewGoogle.swift; sourceTree = "<group>"; };
		53A7AA5721A1022F001F0DE7 /* LoginViewGoogleV2.xib */ = {isa = PBXFileReference; fileEncoding = 4; lastKnownFileType = file.xib; path = LoginViewGoogleV2.xib; sourceTree = "<group>"; };
		53A7AA5821A1022F001F0DE7 /* LoginViewWagtales.swift */ = {isa = PBXFileReference; fileEncoding = 4; lastKnownFileType = sourcecode.swift; path = LoginViewWagtales.swift; sourceTree = "<group>"; };
		53A7AA5921A1022F001F0DE7 /* LoginViewWagtales.xib */ = {isa = PBXFileReference; fileEncoding = 4; lastKnownFileType = file.xib; path = LoginViewWagtales.xib; sourceTree = "<group>"; };
		53A7AA5A21A1022F001F0DE7 /* LoginViewGoogle.xib */ = {isa = PBXFileReference; fileEncoding = 4; lastKnownFileType = file.xib; path = LoginViewGoogle.xib; sourceTree = "<group>"; };
		53A7AA6221A1022F001F0DE7 /* FeedBackView.xib */ = {isa = PBXFileReference; fileEncoding = 4; lastKnownFileType = file.xib; path = FeedBackView.xib; sourceTree = "<group>"; };
		53A7AA6321A1022F001F0DE7 /* FeedBackView.swift */ = {isa = PBXFileReference; fileEncoding = 4; lastKnownFileType = sourcecode.swift; path = FeedBackView.swift; sourceTree = "<group>"; };
		53A7AA6421A1022F001F0DE7 /* DesignableView.swift */ = {isa = PBXFileReference; fileEncoding = 4; lastKnownFileType = sourcecode.swift; name = DesignableView.swift; path = iOSCommonUI/Pod/DesignableView.swift; sourceTree = SOURCE_ROOT; };
		53A7AA6821A1022F001F0DE7 /* WalkthroughHolderViewController1.swift */ = {isa = PBXFileReference; fileEncoding = 4; lastKnownFileType = sourcecode.swift; path = WalkthroughHolderViewController1.swift; sourceTree = "<group>"; };
		53A7AA6921A1022F001F0DE7 /* ContentViewPage.swift */ = {isa = PBXFileReference; fileEncoding = 4; lastKnownFileType = sourcecode.swift; path = ContentViewPage.swift; sourceTree = "<group>"; };
		53A7AA6A21A1022F001F0DE7 /* WalkThroughPageViewController.swift */ = {isa = PBXFileReference; fileEncoding = 4; lastKnownFileType = sourcecode.swift; path = WalkThroughPageViewController.swift; sourceTree = "<group>"; };
		53A7AA6B21A1022F001F0DE7 /* PageNewViewController.swift */ = {isa = PBXFileReference; fileEncoding = 4; lastKnownFileType = sourcecode.swift; path = PageNewViewController.swift; sourceTree = "<group>"; };
		53A7AA6C21A1022F001F0DE7 /* WalkThroughViewController.swift */ = {isa = PBXFileReference; fileEncoding = 4; lastKnownFileType = sourcecode.swift; path = WalkThroughViewController.swift; sourceTree = "<group>"; };
		53A7AA6D21A1022F001F0DE7 /* WalkthroughViewController1.swift */ = {isa = PBXFileReference; fileEncoding = 4; lastKnownFileType = sourcecode.swift; path = WalkthroughViewController1.swift; sourceTree = "<group>"; };
		53A7AAB021A102C2001F0DE7 /* Constant.swift */ = {isa = PBXFileReference; fileEncoding = 4; lastKnownFileType = sourcecode.swift; path = Constant.swift; sourceTree = "<group>"; };
		53A7AAB221A102D1001F0DE7 /* Extensions.swift */ = {isa = PBXFileReference; fileEncoding = 4; lastKnownFileType = sourcecode.swift; path = Extensions.swift; sourceTree = "<group>"; };
		53A7AAB421A102E3001F0DE7 /* FeedBackView.xib */ = {isa = PBXFileReference; fileEncoding = 4; lastKnownFileType = file.xib; path = FeedBackView.xib; sourceTree = "<group>"; };
		53A7AAB521A102E3001F0DE7 /* FeedBackView.swift */ = {isa = PBXFileReference; fileEncoding = 4; lastKnownFileType = sourcecode.swift; path = FeedBackView.swift; sourceTree = "<group>"; };
		53A7AAB821A102FD001F0DE7 /* ForgotPasswordView.swift */ = {isa = PBXFileReference; fileEncoding = 4; lastKnownFileType = sourcecode.swift; path = ForgotPasswordView.swift; sourceTree = "<group>"; };
		53A7AAB921A102FD001F0DE7 /* ForgotPasswordView.xib */ = {isa = PBXFileReference; fileEncoding = 4; lastKnownFileType = file.xib; path = ForgotPasswordView.xib; sourceTree = "<group>"; };
		53A7AABC21A1030A001F0DE7 /* Loader.swift */ = {isa = PBXFileReference; fileEncoding = 4; lastKnownFileType = sourcecode.swift; path = Loader.swift; sourceTree = "<group>"; };
		53E075C020DF657500549DE2 /* README.md */ = {isa = PBXFileReference; fileEncoding = 4; lastKnownFileType = net.daringfireball.markdown; path = README.md; sourceTree = SOURCE_ROOT; };
		5441EFE6B0E3E16660FC6D18 /* Pods-iOSCommonUI.debug.xcconfig */ = {isa = PBXFileReference; includeInIndex = 1; lastKnownFileType = text.xcconfig; name = "Pods-iOSCommonUI.debug.xcconfig"; path = "Pods/Target Support Files/Pods-iOSCommonUI/Pods-iOSCommonUI.debug.xcconfig"; sourceTree = "<group>"; };
		865E6C7913EFA0970D1EE634 /* Pods-iOSCommonUI.release.xcconfig */ = {isa = PBXFileReference; includeInIndex = 1; lastKnownFileType = text.xcconfig; name = "Pods-iOSCommonUI.release.xcconfig"; path = "Pods/Target Support Files/Pods-iOSCommonUI/Pods-iOSCommonUI.release.xcconfig"; sourceTree = "<group>"; };
		9F74F178A966C73046256BC4 /* Pods-iOSCommonUITests.debug.xcconfig */ = {isa = PBXFileReference; includeInIndex = 1; lastKnownFileType = text.xcconfig; name = "Pods-iOSCommonUITests.debug.xcconfig"; path = "Pods/Target Support Files/Pods-iOSCommonUITests/Pods-iOSCommonUITests.debug.xcconfig"; sourceTree = "<group>"; };
		A1C26F7528A4A7204F0F4FF9 /* Pods_iOSCommonUITests.framework */ = {isa = PBXFileReference; explicitFileType = wrapper.framework; includeInIndex = 0; path = Pods_iOSCommonUITests.framework; sourceTree = BUILT_PRODUCTS_DIR; };
		C64B30FF1E95A078B9CD9B3B /* Pods_iOSCommonUI.framework */ = {isa = PBXFileReference; explicitFileType = wrapper.framework; includeInIndex = 0; path = Pods_iOSCommonUI.framework; sourceTree = BUILT_PRODUCTS_DIR; };
/* End PBXFileReference section */

/* Begin PBXFrameworksBuildPhase section */
		5336A7701FCA5EAF00883093 /* Frameworks */ = {
			isa = PBXFrameworksBuildPhase;
			buildActionMask = 2147483647;
			files = (
				9D2828545A6C52F826B05E20 /* Pods_iOSCommonUI.framework in Frameworks */,
			);
			runOnlyForDeploymentPostprocessing = 0;
		};
		5336A77A1FCA5EAF00883093 /* Frameworks */ = {
			isa = PBXFrameworksBuildPhase;
			buildActionMask = 2147483647;
			files = (
				6409F0662C885938E385B323 /* Pods_iOSCommonUITests.framework in Frameworks */,
			);
			runOnlyForDeploymentPostprocessing = 0;
		};
/* End PBXFrameworksBuildPhase section */

/* Begin PBXGroup section */
		3F2431CAE90E1AB8159401BA /* Frameworks */ = {
			isa = PBXGroup;
			children = (
				C64B30FF1E95A078B9CD9B3B /* Pods_iOSCommonUI.framework */,
				A1C26F7528A4A7204F0F4FF9 /* Pods_iOSCommonUITests.framework */,
			);
			name = Frameworks;
			sourceTree = "<group>";
		};
		5336A76A1FCA5EAF00883093 = {
			isa = PBXGroup;
			children = (
				5336A7761FCA5EAF00883093 /* iOSCommonUI */,
				5336A7751FCA5EAF00883093 /* Products */,
				3F2431CAE90E1AB8159401BA /* Frameworks */,
				AFF01FEC0B351EA1051BB8D9 /* Pods */,
			);
			sourceTree = "<group>";
		};
		5336A7751FCA5EAF00883093 /* Products */ = {
			isa = PBXGroup;
			children = (
				5336A7741FCA5EAF00883093 /* iOSCommonUI.framework */,
				5336A77D1FCA5EAF00883093 /* iOSCommonUITests.xctest */,
			);
			name = Products;
			sourceTree = "<group>";
		};
		5336A7761FCA5EAF00883093 /* iOSCommonUI */ = {
			isa = PBXGroup;
			children = (
				5367D5EB21A1136000771DC7 /* Assets */,
				5362126F21A103A8005ED2F1 /* Pod */,
				5336A7771FCA5EAF00883093 /* iOSCommonUI.h */,
				5336A7781FCA5EAF00883093 /* Info.plist */,
				531BF73420DE651C008EE6CF /* iOSCommonUI.podspec */,
				53E075C020DF657500549DE2 /* README.md */,
				5367D5EE21A1210F00771DC7 /* LICENSE */,
			);
			path = iOSCommonUI;
			sourceTree = "<group>";
		};
		5362126F21A103A8005ED2F1 /* Pod */ = {
			isa = PBXGroup;
			children = (
				5362127121A1051E005ED2F1 /* Utility */,
				53A7AA1421A1022E001F0DE7 /* CustomTableViewCell */,
				53A7AA6421A1022F001F0DE7 /* DesignableView.swift */,
				53A7AA6121A1022F001F0DE7 /* FeedBack */,
				53A7AA4C21A1022F001F0DE7 /* ForgotPassword */,
				53A7AA4F21A1022F001F0DE7 /* GradientView.swift */,
				5362127021A104CE005ED2F1 /* ListLoader */,
				53A7AA5021A1022F001F0DE7 /* LoginView */,
				53A7AA5C21A1022F001F0DE7 /* Registration */,
				53A7AA6721A1022F001F0DE7 /* Walkthrough */,
			);
			path = Pod;
			sourceTree = "<group>";
		};
		5362127021A104CE005ED2F1 /* ListLoader */ = {
			isa = PBXGroup;
			children = (
				53A7AABC21A1030A001F0DE7 /* Loader.swift */,
			);
			path = ListLoader;
			sourceTree = "<group>";
		};
		5362127121A1051E005ED2F1 /* Utility */ = {
			isa = PBXGroup;
			children = (
				5362127221A1057D005ED2F1 /* Validation.swift */,
				53A7AAB221A102D1001F0DE7 /* Extensions.swift */,
				53A7AAB021A102C2001F0DE7 /* Constant.swift */,
			);
			path = Utility;
			sourceTree = "<group>";
		};
		5367D5EB21A1136000771DC7 /* Assets */ = {
			isa = PBXGroup;
			children = (
				5367D5EC21A1136000771DC7 /* Media.xcassets */,
			);
			path = Assets;
			sourceTree = "<group>";
		};
		53A7AA1421A1022E001F0DE7 /* CustomTableViewCell */ = {
			isa = PBXGroup;
			children = (
				53A7AA1521A1022E001F0DE7 /* ButtonTableViewCellv2 */,
				53A7AA1821A1022E001F0DE7 /* LabelTableViewCell */,
				53A7AA1B21A1022E001F0DE7 /* HeaderLabelCell */,
				53A7AA1E21A1022E001F0DE7 /* TextViewTableViewCell */,
				53A7AA2121A1022E001F0DE7 /* ImageViewTableViewCell */,
				53A7AA2421A1022E001F0DE7 /* TextFieldTableViewCell */,
				53A7AA2721A1022E001F0DE7 /* PickerButtonTableViewCell */,
				53A7AA2A21A1022E001F0DE7 /* LabelCollectionViewCell */,
				53A7AA2D21A1022E001F0DE7 /* CheckBoxWithLabelTableViewCell */,
				53A7AA3021A1022E001F0DE7 /* TextFieldTableViewCellV2 */,
				53A7AA3321A1022E001F0DE7 /* LoaderSpinnerCell */,
				53A7AA3621A1022E001F0DE7 /* CheckBoxWithLabelTableViewCellv2 */,
				53A7AA3921A1022E001F0DE7 /* TableViewCell_ImageView */,
				53A7AA3C21A1022E001F0DE7 /* TwoColumnContactTableViewCell */,
				53A7AA3F21A1022E001F0DE7 /* HeaderWithSeparatorTableViewCell */,
				53A7AA4221A1022E001F0DE7 /* ImageViewTitleTableViewCell */,
				53A7AA4521A1022E001F0DE7 /* SubmitBtnTableViewCell */,
				53A7AA4821A1022E001F0DE7 /* LoaderTableViewCell */,
			);
			name = CustomTableViewCell;
			path = iOSCommonUI/Pod/CustomTableViewCell;
			sourceTree = SOURCE_ROOT;
		};
		53A7AA1521A1022E001F0DE7 /* ButtonTableViewCellv2 */ = {
			isa = PBXGroup;
			children = (
				53A7AA1621A1022E001F0DE7 /* ButtonTableViewCellv2.xib */,
				53A7AA1721A1022E001F0DE7 /* ButtonTableViewCellv2.swift */,
			);
			path = ButtonTableViewCellv2;
			sourceTree = "<group>";
		};
		53A7AA1821A1022E001F0DE7 /* LabelTableViewCell */ = {
			isa = PBXGroup;
			children = (
				53A7AA1921A1022E001F0DE7 /* LabelTableViewCell.swift */,
				53A7AA1A21A1022E001F0DE7 /* LabelTableViewCell.xib */,
			);
			path = LabelTableViewCell;
			sourceTree = "<group>";
		};
		53A7AA1B21A1022E001F0DE7 /* HeaderLabelCell */ = {
			isa = PBXGroup;
			children = (
				53A7AA1C21A1022E001F0DE7 /* HeaderTableViewCell.xib */,
				53A7AA1D21A1022E001F0DE7 /* HeaderTableViewCell.swift */,
			);
			path = HeaderLabelCell;
			sourceTree = "<group>";
		};
		53A7AA1E21A1022E001F0DE7 /* TextViewTableViewCell */ = {
			isa = PBXGroup;
			children = (
				53A7AA1F21A1022E001F0DE7 /* TextViewTableViewCell.swift */,
				53A7AA2021A1022E001F0DE7 /* TextViewTableViewCell.xib */,
			);
			path = TextViewTableViewCell;
			sourceTree = "<group>";
		};
		53A7AA2121A1022E001F0DE7 /* ImageViewTableViewCell */ = {
			isa = PBXGroup;
			children = (
				53A7AA2221A1022E001F0DE7 /* ImageViewTableViewCell.xib */,
				53A7AA2321A1022E001F0DE7 /* ImageViewTableViewCell.swift */,
			);
			path = ImageViewTableViewCell;
			sourceTree = "<group>";
		};
		53A7AA2421A1022E001F0DE7 /* TextFieldTableViewCell */ = {
			isa = PBXGroup;
			children = (
				53A7AA2521A1022E001F0DE7 /* TextFieldTableViewCell.xib */,
				53A7AA2621A1022E001F0DE7 /* TextFieldTableViewCell.swift */,
			);
			path = TextFieldTableViewCell;
			sourceTree = "<group>";
		};
		53A7AA2721A1022E001F0DE7 /* PickerButtonTableViewCell */ = {
			isa = PBXGroup;
			children = (
				53A7AA2821A1022E001F0DE7 /* PickerButtonTableViewCell.swift */,
				53A7AA2921A1022E001F0DE7 /* PickerButtonTableViewCell.xib */,
			);
			path = PickerButtonTableViewCell;
			sourceTree = "<group>";
		};
		53A7AA2A21A1022E001F0DE7 /* LabelCollectionViewCell */ = {
			isa = PBXGroup;
			children = (
				53A7AA2B21A1022E001F0DE7 /* LabelCollectionViewCell.swift */,
				53A7AA2C21A1022E001F0DE7 /* LabelCollectionViewCell.xib */,
			);
			path = LabelCollectionViewCell;
			sourceTree = "<group>";
		};
		53A7AA2D21A1022E001F0DE7 /* CheckBoxWithLabelTableViewCell */ = {
			isa = PBXGroup;
			children = (
				53A7AA2E21A1022E001F0DE7 /* CheckBoxWithLabelTableViewCell.swift */,
				53A7AA2F21A1022E001F0DE7 /* CheckBoxWithLabelTableViewCell.xib */,
			);
			path = CheckBoxWithLabelTableViewCell;
			sourceTree = "<group>";
		};
		53A7AA3021A1022E001F0DE7 /* TextFieldTableViewCellV2 */ = {
			isa = PBXGroup;
			children = (
				53A7AA3121A1022E001F0DE7 /* TextFieldTableViewCellV2.xib */,
				53A7AA3221A1022E001F0DE7 /* TextFieldTableViewCellV2.swift */,
			);
			path = TextFieldTableViewCellV2;
			sourceTree = "<group>";
		};
		53A7AA3321A1022E001F0DE7 /* LoaderSpinnerCell */ = {
			isa = PBXGroup;
			children = (
				53A7AA3421A1022E001F0DE7 /* LoaderCustomTableViewCell.swift */,
				53A7AA3521A1022E001F0DE7 /* LoaderCustomTableViewCell.xib */,
			);
			path = LoaderSpinnerCell;
			sourceTree = "<group>";
		};
		53A7AA3621A1022E001F0DE7 /* CheckBoxWithLabelTableViewCellv2 */ = {
			isa = PBXGroup;
			children = (
				53A7AA3721A1022E001F0DE7 /* CheckBoxWithLabelTableViewCellv2.swift */,
				53A7AA3821A1022E001F0DE7 /* CheckBoxWithLabelTableViewCellv2.xib */,
			);
			path = CheckBoxWithLabelTableViewCellv2;
			sourceTree = "<group>";
		};
		53A7AA3921A1022E001F0DE7 /* TableViewCell_ImageView */ = {
			isa = PBXGroup;
			children = (
				53A7AA3A21A1022E001F0DE7 /* TableViewCellImageView.swift */,
				53A7AA3B21A1022E001F0DE7 /* TableViewCellImageView.xib */,
			);
			path = TableViewCell_ImageView;
			sourceTree = "<group>";
		};
		53A7AA3C21A1022E001F0DE7 /* TwoColumnContactTableViewCell */ = {
			isa = PBXGroup;
			children = (
				53A7AA3D21A1022E001F0DE7 /* TwoColumnContactTableViewCell.swift */,
				53A7AA3E21A1022E001F0DE7 /* TwoColumnContactTableViewCell.xib */,
			);
			path = TwoColumnContactTableViewCell;
			sourceTree = "<group>";
		};
		53A7AA3F21A1022E001F0DE7 /* HeaderWithSeparatorTableViewCell */ = {
			isa = PBXGroup;
			children = (
				53A7AA4021A1022E001F0DE7 /* HeaderWithSeparatorTableViewCell.swift */,
				53A7AA4121A1022E001F0DE7 /* HeaderWithSeparatorTableViewCell.xib */,
			);
			path = HeaderWithSeparatorTableViewCell;
			sourceTree = "<group>";
		};
		53A7AA4221A1022E001F0DE7 /* ImageViewTitleTableViewCell */ = {
			isa = PBXGroup;
			children = (
				53A7AA4321A1022E001F0DE7 /* ImageViewTitleTableViewCell.swift */,
				53A7AA4421A1022E001F0DE7 /* ImageViewTitleTableViewCell.xib */,
			);
			path = ImageViewTitleTableViewCell;
			sourceTree = "<group>";
		};
		53A7AA4521A1022E001F0DE7 /* SubmitBtnTableViewCell */ = {
			isa = PBXGroup;
			children = (
				53A7AA4621A1022E001F0DE7 /* SubmitBtnTableViewCell.xib */,
				53A7AA4721A1022E001F0DE7 /* SubmitBtnTableViewCell.swift */,
			);
			path = SubmitBtnTableViewCell;
			sourceTree = "<group>";
		};
		53A7AA4821A1022E001F0DE7 /* LoaderTableViewCell */ = {
			isa = PBXGroup;
			children = (
				53A7AA4921A1022E001F0DE7 /* LoaderTableViewCell.xib */,
				53A7AA4A21A1022E001F0DE7 /* LoaderTableViewCell.swift */,
			);
			path = LoaderTableViewCell;
			sourceTree = "<group>";
		};
		53A7AA4C21A1022F001F0DE7 /* ForgotPassword */ = {
			isa = PBXGroup;
			children = (
				53A7AAB821A102FD001F0DE7 /* ForgotPasswordView.swift */,
				53A7AAB921A102FD001F0DE7 /* ForgotPasswordView.xib */,
				53A7AA4D21A1022F001F0DE7 /* ForgotPasswordView.xib */,
				53A7AA4E21A1022F001F0DE7 /* ForgotPasswordView.swift */,
			);
			name = ForgotPassword;
			path = iOSCommonUI/Pod/ForgotPassword;
			sourceTree = SOURCE_ROOT;
		};
		53A7AA5021A1022F001F0DE7 /* LoginView */ = {
			isa = PBXGroup;
			children = (
				53A7AA5121A1022F001F0DE7 /* LoginView.xib */,
				53A7AA5221A1022F001F0DE7 /* LoginView.swift */,
				53A7AA5321A1022F001F0DE7 /* LoginViewWagtales_design1.swift */,
				53A7AA5421A1022F001F0DE7 /* LoginViewWagtales_design1.xib */,
				53A7AA5521A1022F001F0DE7 /* LoginViewGoogleV2.swift */,
				53A7AA5621A1022F001F0DE7 /* LoginViewGoogle.swift */,
				53A7AA5721A1022F001F0DE7 /* LoginViewGoogleV2.xib */,
				53A7AA5821A1022F001F0DE7 /* LoginViewWagtales.swift */,
				53A7AA5921A1022F001F0DE7 /* LoginViewWagtales.xib */,
				53A7AA5A21A1022F001F0DE7 /* LoginViewGoogle.xib */,
			);
			name = LoginView;
			path = iOSCommonUI/Pod/LoginView;
			sourceTree = SOURCE_ROOT;
		};
		53A7AA5C21A1022F001F0DE7 /* Registration */ = {
			isa = PBXGroup;
			children = (
				5362127621A105C8005ED2F1 /* Registration.swift */,
				5362127521A105C8005ED2F1 /* Registration.xib */,
				5362127721A105C8005ED2F1 /* RegistrationV2.swift */,
				5362127421A105C8005ED2F1 /* RegistrationV2.xib */,
			);
			name = Registration;
			path = iOSCommonUI/Pod/Registration;
			sourceTree = SOURCE_ROOT;
		};
		53A7AA6121A1022F001F0DE7 /* FeedBack */ = {
			isa = PBXGroup;
			children = (
				53A7AAB521A102E3001F0DE7 /* FeedBackView.swift */,
				53A7AAB421A102E3001F0DE7 /* FeedBackView.xib */,
				53A7AA6221A1022F001F0DE7 /* FeedBackView.xib */,
				53A7AA6321A1022F001F0DE7 /* FeedBackView.swift */,
			);
			name = FeedBack;
			path = iOSCommonUI/Pod/FeedBack;
			sourceTree = SOURCE_ROOT;
		};
		53A7AA6721A1022F001F0DE7 /* Walkthrough */ = {
			isa = PBXGroup;
			children = (
				53A7AA6821A1022F001F0DE7 /* WalkthroughHolderViewController1.swift */,
				53A7AA6921A1022F001F0DE7 /* ContentViewPage.swift */,
				53A7AA6A21A1022F001F0DE7 /* WalkThroughPageViewController.swift */,
				53A7AA6B21A1022F001F0DE7 /* PageNewViewController.swift */,
				53A7AA6C21A1022F001F0DE7 /* WalkThroughViewController.swift */,
				53A7AA6D21A1022F001F0DE7 /* WalkthroughViewController1.swift */,
			);
			name = Walkthrough;
			path = iOSCommonUI/Pod/Walkthrough;
			sourceTree = SOURCE_ROOT;
		};
		AFF01FEC0B351EA1051BB8D9 /* Pods */ = {
			isa = PBXGroup;
			children = (
				5441EFE6B0E3E16660FC6D18 /* Pods-iOSCommonUI.debug.xcconfig */,
				865E6C7913EFA0970D1EE634 /* Pods-iOSCommonUI.release.xcconfig */,
				9F74F178A966C73046256BC4 /* Pods-iOSCommonUITests.debug.xcconfig */,
				081E0772AA8728A6EF604D6B /* Pods-iOSCommonUITests.release.xcconfig */,
			);
			name = Pods;
			sourceTree = "<group>";
		};
/* End PBXGroup section */

/* Begin PBXHeadersBuildPhase section */
		5336A7711FCA5EAF00883093 /* Headers */ = {
			isa = PBXHeadersBuildPhase;
			buildActionMask = 2147483647;
			files = (
				5336A7851FCA5EAF00883093 /* iOSCommonUI.h in Headers */,
			);
			runOnlyForDeploymentPostprocessing = 0;
		};
/* End PBXHeadersBuildPhase section */

/* Begin PBXNativeTarget section */
		5336A7731FCA5EAF00883093 /* iOSCommonUI */ = {
			isa = PBXNativeTarget;
			buildConfigurationList = 5336A7881FCA5EAF00883093 /* Build configuration list for PBXNativeTarget "iOSCommonUI" */;
			buildPhases = (
				A48E0FFBA6C9FEC3C0FFE3EB /* [CP] Check Pods Manifest.lock */,
				5336A76F1FCA5EAF00883093 /* Sources */,
				5336A7701FCA5EAF00883093 /* Frameworks */,
				5336A7711FCA5EAF00883093 /* Headers */,
				5336A7721FCA5EAF00883093 /* Resources */,
			);
			buildRules = (
			);
			dependencies = (
			);
			name = iOSCommonUI;
			productName = iOSCommonUI;
			productReference = 5336A7741FCA5EAF00883093 /* iOSCommonUI.framework */;
			productType = "com.apple.product-type.framework";
		};
		5336A77C1FCA5EAF00883093 /* iOSCommonUITests */ = {
			isa = PBXNativeTarget;
			buildConfigurationList = 5336A78B1FCA5EAF00883093 /* Build configuration list for PBXNativeTarget "iOSCommonUITests" */;
			buildPhases = (
				C5C4376FF16FAA4956321086 /* [CP] Check Pods Manifest.lock */,
				5336A7791FCA5EAF00883093 /* Sources */,
				5336A77A1FCA5EAF00883093 /* Frameworks */,
				5336A77B1FCA5EAF00883093 /* Resources */,
			);
			buildRules = (
			);
			dependencies = (
				5336A7801FCA5EAF00883093 /* PBXTargetDependency */,
			);
			name = iOSCommonUITests;
			productName = iOSCommonUITests;
			productReference = 5336A77D1FCA5EAF00883093 /* iOSCommonUITests.xctest */;
			productType = "com.apple.product-type.bundle.unit-test";
		};
/* End PBXNativeTarget section */

/* Begin PBXProject section */
		5336A76B1FCA5EAF00883093 /* Project object */ = {
			isa = PBXProject;
			attributes = {
				LastSwiftUpdateCheck = 0830;
				LastUpgradeCheck = 1000;
				ORGANIZATIONNAME = "Keith Randell Gapusan";
				TargetAttributes = {
					5336A7731FCA5EAF00883093 = {
						CreatedOnToolsVersion = 8.3.2;
						ProvisioningStyle = Manual;
					};
					5336A77C1FCA5EAF00883093 = {
						CreatedOnToolsVersion = 8.3.2;
						ProvisioningStyle = Automatic;
					};
				};
			};
			buildConfigurationList = 5336A76E1FCA5EAF00883093 /* Build configuration list for PBXProject "iOSCommonUI" */;
			compatibilityVersion = "Xcode 3.2";
			developmentRegion = English;
			hasScannedForEncodings = 0;
			knownRegions = (
				en,
			);
			mainGroup = 5336A76A1FCA5EAF00883093;
			productRefGroup = 5336A7751FCA5EAF00883093 /* Products */;
			projectDirPath = "";
			projectRoot = "";
			targets = (
				5336A7731FCA5EAF00883093 /* iOSCommonUI */,
				5336A77C1FCA5EAF00883093 /* iOSCommonUITests */,
			);
		};
/* End PBXProject section */

/* Begin PBXResourcesBuildPhase section */
		5336A7721FCA5EAF00883093 /* Resources */ = {
			isa = PBXResourcesBuildPhase;
			buildActionMask = 2147483647;
			files = (
				53A7AA9621A1022F001F0DE7 /* LoginView.xib in Resources */,
				53A7AA8921A1022F001F0DE7 /* TwoColumnContactTableViewCell.xib in Resources */,
				53A7AA8521A1022F001F0DE7 /* CheckBoxWithLabelTableViewCellv2.xib in Resources */,
				53A7AA8D21A1022F001F0DE7 /* ImageViewTitleTableViewCell.xib in Resources */,
				53A7AAB621A102E3001F0DE7 /* FeedBackView.xib in Resources */,
				53A7AABB21A102FD001F0DE7 /* ForgotPasswordView.xib in Resources */,
				53A7AA8E21A1022F001F0DE7 /* SubmitBtnTableViewCell.xib in Resources */,
				53A7AA8B21A1022F001F0DE7 /* HeaderWithSeparatorTableViewCell.xib in Resources */,
				53A7AA7121A1022F001F0DE7 /* LabelTableViewCell.xib in Resources */,
				53A7AA7D21A1022F001F0DE7 /* LabelCollectionViewCell.xib in Resources */,
				5367D5ED21A1136100771DC7 /* Media.xcassets in Resources */,
				53A7AA6E21A1022F001F0DE7 /* ButtonTableViewCellv2.xib in Resources */,
				53A7AA7621A1022F001F0DE7 /* ImageViewTableViewCell.xib in Resources */,
				53A7AA9921A1022F001F0DE7 /* LoginViewWagtales_design1.xib in Resources */,
				53A7AA7B21A1022F001F0DE7 /* PickerButtonTableViewCell.xib in Resources */,
				53A7AA9C21A1022F001F0DE7 /* LoginViewGoogleV2.xib in Resources */,
				53A7AA7521A1022F001F0DE7 /* TextViewTableViewCell.xib in Resources */,
				53A7AA9021A1022F001F0DE7 /* LoaderTableViewCell.xib in Resources */,
				53A7AA7221A1022F001F0DE7 /* HeaderTableViewCell.xib in Resources */,
				53A7AA7821A1022F001F0DE7 /* TextFieldTableViewCell.xib in Resources */,
				53A7AA9F21A1022F001F0DE7 /* LoginViewGoogle.xib in Resources */,
				53A7AA8321A1022F001F0DE7 /* LoaderCustomTableViewCell.xib in Resources */,
				531BF73520DE651C008EE6CF /* iOSCommonUI.podspec in Resources */,
				53A7AA8021A1022F001F0DE7 /* TextFieldTableViewCellV2.xib in Resources */,
				53A7AA9E21A1022F001F0DE7 /* LoginViewWagtales.xib in Resources */,
				53E075C120DF657500549DE2 /* README.md in Resources */,
				5367D5EF21A1210F00771DC7 /* LICENSE in Resources */,
				5362127821A105C8005ED2F1 /* RegistrationV2.xib in Resources */,
				5362127921A105C8005ED2F1 /* Registration.xib in Resources */,
				53A7AA8721A1022F001F0DE7 /* TableViewCellImageView.xib in Resources */,
				53A7AA7F21A1022F001F0DE7 /* CheckBoxWithLabelTableViewCell.xib in Resources */,
			);
			runOnlyForDeploymentPostprocessing = 0;
		};
		5336A77B1FCA5EAF00883093 /* Resources */ = {
			isa = PBXResourcesBuildPhase;
			buildActionMask = 2147483647;
			files = (
			);
			runOnlyForDeploymentPostprocessing = 0;
		};
/* End PBXResourcesBuildPhase section */

/* Begin PBXShellScriptBuildPhase section */
		A48E0FFBA6C9FEC3C0FFE3EB /* [CP] Check Pods Manifest.lock */ = {
			isa = PBXShellScriptBuildPhase;
			buildActionMask = 2147483647;
			files = (
			);
			inputFileListPaths = (
			);
			inputPaths = (
				"${PODS_PODFILE_DIR_PATH}/Podfile.lock",
				"${PODS_ROOT}/Manifest.lock",
			);
			name = "[CP] Check Pods Manifest.lock";
			outputFileListPaths = (
			);
			outputPaths = (
				"$(DERIVED_FILE_DIR)/Pods-iOSCommonUI-checkManifestLockResult.txt",
			);
			runOnlyForDeploymentPostprocessing = 0;
			shellPath = /bin/sh;
			shellScript = "diff \"${PODS_PODFILE_DIR_PATH}/Podfile.lock\" \"${PODS_ROOT}/Manifest.lock\" > /dev/null\nif [ $? != 0 ] ; then\n    # print error to STDERR\n    echo \"error: The sandbox is not in sync with the Podfile.lock. Run 'pod install' or update your CocoaPods installation.\" >&2\n    exit 1\nfi\n# This output is used by Xcode 'outputs' to avoid re-running this script phase.\necho \"SUCCESS\" > \"${SCRIPT_OUTPUT_FILE_0}\"\n";
			showEnvVarsInLog = 0;
		};
		C5C4376FF16FAA4956321086 /* [CP] Check Pods Manifest.lock */ = {
			isa = PBXShellScriptBuildPhase;
			buildActionMask = 2147483647;
			files = (
			);
			inputFileListPaths = (
			);
			inputPaths = (
				"${PODS_PODFILE_DIR_PATH}/Podfile.lock",
				"${PODS_ROOT}/Manifest.lock",
			);
			name = "[CP] Check Pods Manifest.lock";
			outputFileListPaths = (
			);
			outputPaths = (
				"$(DERIVED_FILE_DIR)/Pods-iOSCommonUITests-checkManifestLockResult.txt",
			);
			runOnlyForDeploymentPostprocessing = 0;
			shellPath = /bin/sh;
			shellScript = "diff \"${PODS_PODFILE_DIR_PATH}/Podfile.lock\" \"${PODS_ROOT}/Manifest.lock\" > /dev/null\nif [ $? != 0 ] ; then\n    # print error to STDERR\n    echo \"error: The sandbox is not in sync with the Podfile.lock. Run 'pod install' or update your CocoaPods installation.\" >&2\n    exit 1\nfi\n# This output is used by Xcode 'outputs' to avoid re-running this script phase.\necho \"SUCCESS\" > \"${SCRIPT_OUTPUT_FILE_0}\"\n";
			showEnvVarsInLog = 0;
		};
/* End PBXShellScriptBuildPhase section */

/* Begin PBXSourcesBuildPhase section */
		5336A76F1FCA5EAF00883093 /* Sources */ = {
			isa = PBXSourcesBuildPhase;
			buildActionMask = 2147483647;
			files = (
				53A7AA7721A1022F001F0DE7 /* ImageViewTableViewCell.swift in Sources */,
				53A7AA9521A1022F001F0DE7 /* GradientView.swift in Sources */,
				53A7AAAB21A1022F001F0DE7 /* ContentViewPage.swift in Sources */,
				53A7AAAE21A1022F001F0DE7 /* WalkThroughViewController.swift in Sources */,
				53A7AA7E21A1022F001F0DE7 /* CheckBoxWithLabelTableViewCell.swift in Sources */,
				53A7AAAA21A1022F001F0DE7 /* WalkthroughHolderViewController1.swift in Sources */,
				53A7AA8221A1022F001F0DE7 /* LoaderCustomTableViewCell.swift in Sources */,
				53A7AA6F21A1022F001F0DE7 /* ButtonTableViewCellv2.swift in Sources */,
				53A7AA8F21A1022F001F0DE7 /* SubmitBtnTableViewCell.swift in Sources */,
				53A7AA8C21A1022F001F0DE7 /* ImageViewTitleTableViewCell.swift in Sources */,
				53A7AA7321A1022F001F0DE7 /* HeaderTableViewCell.swift in Sources */,
				5362127321A1057D005ED2F1 /* Validation.swift in Sources */,
				5362127A21A105C8005ED2F1 /* Registration.swift in Sources */,
				53A7AAAC21A1022F001F0DE7 /* WalkThroughPageViewController.swift in Sources */,
				53A7AAB321A102D1001F0DE7 /* Extensions.swift in Sources */,
				53A7AAA721A1022F001F0DE7 /* DesignableView.swift in Sources */,
				53A7AA8421A1022F001F0DE7 /* CheckBoxWithLabelTableViewCellv2.swift in Sources */,
				5362127B21A105C8005ED2F1 /* RegistrationV2.swift in Sources */,
				53A7AA8621A1022F001F0DE7 /* TableViewCellImageView.swift in Sources */,
				53A7AAAD21A1022F001F0DE7 /* PageNewViewController.swift in Sources */,
				53A7AA7021A1022F001F0DE7 /* LabelTableViewCell.swift in Sources */,
				53A7AAA621A1022F001F0DE7 /* FeedBackView.swift in Sources */,
				53A7AA7921A1022F001F0DE7 /* TextFieldTableViewCell.swift in Sources */,
				53A7AA9B21A1022F001F0DE7 /* LoginViewGoogle.swift in Sources */,
				53A7AA9421A1022F001F0DE7 /* ForgotPasswordView.swift in Sources */,
				53A7AA7421A1022F001F0DE7 /* TextViewTableViewCell.swift in Sources */,
				53A7AA8121A1022F001F0DE7 /* TextFieldTableViewCellV2.swift in Sources */,
				53A7AA7A21A1022F001F0DE7 /* PickerButtonTableViewCell.swift in Sources */,
				53A7AA9721A1022F001F0DE7 /* LoginView.swift in Sources */,
				53A7AA9A21A1022F001F0DE7 /* LoginViewGoogleV2.swift in Sources */,
				53A7AAB121A102C2001F0DE7 /* Constant.swift in Sources */,
				53A7AAAF21A1022F001F0DE7 /* WalkthroughViewController1.swift in Sources */,
				53A7AA7C21A1022F001F0DE7 /* LabelCollectionViewCell.swift in Sources */,
				53A7AA8A21A1022F001F0DE7 /* HeaderWithSeparatorTableViewCell.swift in Sources */,
				53A7AA9D21A1022F001F0DE7 /* LoginViewWagtales.swift in Sources */,
				53A7AA9821A1022F001F0DE7 /* LoginViewWagtales_design1.swift in Sources */,
				53A7AA9121A1022F001F0DE7 /* LoaderTableViewCell.swift in Sources */,
				53A7AA8821A1022F001F0DE7 /* TwoColumnContactTableViewCell.swift in Sources */,
				53A7AABD21A1030A001F0DE7 /* Loader.swift in Sources */,
			);
			runOnlyForDeploymentPostprocessing = 0;
		};
		5336A7791FCA5EAF00883093 /* Sources */ = {
			isa = PBXSourcesBuildPhase;
			buildActionMask = 2147483647;
			files = (
			);
			runOnlyForDeploymentPostprocessing = 0;
		};
/* End PBXSourcesBuildPhase section */

/* Begin PBXTargetDependency section */
		5336A7801FCA5EAF00883093 /* PBXTargetDependency */ = {
			isa = PBXTargetDependency;
			target = 5336A7731FCA5EAF00883093 /* iOSCommonUI */;
			targetProxy = 5336A77F1FCA5EAF00883093 /* PBXContainerItemProxy */;
		};
/* End PBXTargetDependency section */

/* Begin XCBuildConfiguration section */
		5336A7861FCA5EAF00883093 /* Debug */ = {
			isa = XCBuildConfiguration;
			buildSettings = {
				ALWAYS_SEARCH_USER_PATHS = NO;
				CLANG_ANALYZER_NONNULL = YES;
				CLANG_ANALYZER_NUMBER_OBJECT_CONVERSION = YES_AGGRESSIVE;
				CLANG_CXX_LANGUAGE_STANDARD = "gnu++0x";
				CLANG_CXX_LIBRARY = "libc++";
				CLANG_ENABLE_MODULES = YES;
				CLANG_ENABLE_OBJC_ARC = YES;
				CLANG_WARN_BLOCK_CAPTURE_AUTORELEASING = YES;
				CLANG_WARN_BOOL_CONVERSION = YES;
				CLANG_WARN_COMMA = YES;
				CLANG_WARN_CONSTANT_CONVERSION = YES;
				CLANG_WARN_DEPRECATED_OBJC_IMPLEMENTATIONS = YES;
				CLANG_WARN_DIRECT_OBJC_ISA_USAGE = YES_ERROR;
				CLANG_WARN_DOCUMENTATION_COMMENTS = YES;
				CLANG_WARN_EMPTY_BODY = YES;
				CLANG_WARN_ENUM_CONVERSION = YES;
				CLANG_WARN_INFINITE_RECURSION = YES;
				CLANG_WARN_INT_CONVERSION = YES;
				CLANG_WARN_NON_LITERAL_NULL_CONVERSION = YES;
				CLANG_WARN_OBJC_IMPLICIT_RETAIN_SELF = YES;
				CLANG_WARN_OBJC_LITERAL_CONVERSION = YES;
				CLANG_WARN_OBJC_ROOT_CLASS = YES_ERROR;
				CLANG_WARN_RANGE_LOOP_ANALYSIS = YES;
				CLANG_WARN_STRICT_PROTOTYPES = YES;
				CLANG_WARN_SUSPICIOUS_MOVE = YES;
				CLANG_WARN_UNREACHABLE_CODE = YES;
				CLANG_WARN__DUPLICATE_METHOD_MATCH = YES;
				"CODE_SIGN_IDENTITY[sdk=iphoneos*]" = "iPhone Developer";
				COPY_PHASE_STRIP = NO;
				CURRENT_PROJECT_VERSION = 1;
				DEBUG_INFORMATION_FORMAT = dwarf;
				ENABLE_STRICT_OBJC_MSGSEND = YES;
				ENABLE_TESTABILITY = YES;
				GCC_C_LANGUAGE_STANDARD = gnu99;
				GCC_DYNAMIC_NO_PIC = NO;
				GCC_NO_COMMON_BLOCKS = YES;
				GCC_OPTIMIZATION_LEVEL = 0;
				GCC_PREPROCESSOR_DEFINITIONS = (
					"DEBUG=1",
					"$(inherited)",
				);
				GCC_WARN_64_TO_32_BIT_CONVERSION = YES;
				GCC_WARN_ABOUT_RETURN_TYPE = YES_ERROR;
				GCC_WARN_UNDECLARED_SELECTOR = YES;
				GCC_WARN_UNINITIALIZED_AUTOS = YES_AGGRESSIVE;
				GCC_WARN_UNUSED_FUNCTION = YES;
				GCC_WARN_UNUSED_VARIABLE = YES;
				IPHONEOS_DEPLOYMENT_TARGET = 8.0;
				MTL_ENABLE_DEBUG_INFO = YES;
				ONLY_ACTIVE_ARCH = YES;
				SDKROOT = iphoneos;
				SWIFT_ACTIVE_COMPILATION_CONDITIONS = DEBUG;
				SWIFT_OPTIMIZATION_LEVEL = "-Onone";
				SWIFT_VERSION = 4.2;
				TARGETED_DEVICE_FAMILY = "1,2";
				VERSIONING_SYSTEM = "apple-generic";
				VERSION_INFO_PREFIX = "";
			};
			name = Debug;
		};
		5336A7871FCA5EAF00883093 /* Release */ = {
			isa = XCBuildConfiguration;
			buildSettings = {
				ALWAYS_SEARCH_USER_PATHS = NO;
				CLANG_ANALYZER_NONNULL = YES;
				CLANG_ANALYZER_NUMBER_OBJECT_CONVERSION = YES_AGGRESSIVE;
				CLANG_CXX_LANGUAGE_STANDARD = "gnu++0x";
				CLANG_CXX_LIBRARY = "libc++";
				CLANG_ENABLE_MODULES = YES;
				CLANG_ENABLE_OBJC_ARC = YES;
				CLANG_WARN_BLOCK_CAPTURE_AUTORELEASING = YES;
				CLANG_WARN_BOOL_CONVERSION = YES;
				CLANG_WARN_COMMA = YES;
				CLANG_WARN_CONSTANT_CONVERSION = YES;
				CLANG_WARN_DEPRECATED_OBJC_IMPLEMENTATIONS = YES;
				CLANG_WARN_DIRECT_OBJC_ISA_USAGE = YES_ERROR;
				CLANG_WARN_DOCUMENTATION_COMMENTS = YES;
				CLANG_WARN_EMPTY_BODY = YES;
				CLANG_WARN_ENUM_CONVERSION = YES;
				CLANG_WARN_INFINITE_RECURSION = YES;
				CLANG_WARN_INT_CONVERSION = YES;
				CLANG_WARN_NON_LITERAL_NULL_CONVERSION = YES;
				CLANG_WARN_OBJC_IMPLICIT_RETAIN_SELF = YES;
				CLANG_WARN_OBJC_LITERAL_CONVERSION = YES;
				CLANG_WARN_OBJC_ROOT_CLASS = YES_ERROR;
				CLANG_WARN_RANGE_LOOP_ANALYSIS = YES;
				CLANG_WARN_STRICT_PROTOTYPES = YES;
				CLANG_WARN_SUSPICIOUS_MOVE = YES;
				CLANG_WARN_UNREACHABLE_CODE = YES;
				CLANG_WARN__DUPLICATE_METHOD_MATCH = YES;
				"CODE_SIGN_IDENTITY[sdk=iphoneos*]" = "iPhone Developer";
				COPY_PHASE_STRIP = NO;
				CURRENT_PROJECT_VERSION = 1;
				DEBUG_INFORMATION_FORMAT = "dwarf-with-dsym";
				ENABLE_NS_ASSERTIONS = NO;
				ENABLE_STRICT_OBJC_MSGSEND = YES;
				GCC_C_LANGUAGE_STANDARD = gnu99;
				GCC_NO_COMMON_BLOCKS = YES;
				GCC_WARN_64_TO_32_BIT_CONVERSION = YES;
				GCC_WARN_ABOUT_RETURN_TYPE = YES_ERROR;
				GCC_WARN_UNDECLARED_SELECTOR = YES;
				GCC_WARN_UNINITIALIZED_AUTOS = YES_AGGRESSIVE;
				GCC_WARN_UNUSED_FUNCTION = YES;
				GCC_WARN_UNUSED_VARIABLE = YES;
				IPHONEOS_DEPLOYMENT_TARGET = 8.0;
				MTL_ENABLE_DEBUG_INFO = NO;
				SDKROOT = iphoneos;
				SWIFT_OPTIMIZATION_LEVEL = "-Owholemodule";
				SWIFT_VERSION = 4.2;
				TARGETED_DEVICE_FAMILY = "1,2";
				VALIDATE_PRODUCT = YES;
				VERSIONING_SYSTEM = "apple-generic";
				VERSION_INFO_PREFIX = "";
			};
			name = Release;
		};
		5336A7891FCA5EAF00883093 /* Debug */ = {
			isa = XCBuildConfiguration;
			baseConfigurationReference = 5441EFE6B0E3E16660FC6D18 /* Pods-iOSCommonUI.debug.xcconfig */;
			buildSettings = {
				CODE_SIGN_IDENTITY = "";
				"CODE_SIGN_IDENTITY[sdk=iphoneos*]" = "iPhone Developer";
				CODE_SIGN_STYLE = Manual;
				DEFINES_MODULE = YES;
				DEVELOPMENT_TEAM = "";
				DYLIB_COMPATIBILITY_VERSION = 1;
				DYLIB_CURRENT_VERSION = 1;
				DYLIB_INSTALL_NAME_BASE = "@rpath";
				INFOPLIST_FILE = iOSCommonUI/Info.plist;
				INSTALL_PATH = "$(LOCAL_LIBRARY_DIR)/Frameworks";
				IPHONEOS_DEPLOYMENT_TARGET = 9.0;
				LD_RUNPATH_SEARCH_PATHS = "$(inherited) @executable_path/Frameworks @loader_path/Frameworks";
				PRODUCT_BUNDLE_IDENTIFIER = ph.com.idahkeith.iOSCommonUI;
				PRODUCT_NAME = "$(TARGET_NAME)";
				PROVISIONING_PROFILE_SPECIFIER = "";
				SKIP_INSTALL = YES;
				SWIFT_VERSION = 4.2;
			};
			name = Debug;
		};
		5336A78A1FCA5EAF00883093 /* Release */ = {
			isa = XCBuildConfiguration;
			baseConfigurationReference = 865E6C7913EFA0970D1EE634 /* Pods-iOSCommonUI.release.xcconfig */;
			buildSettings = {
				CODE_SIGN_IDENTITY = "";
				CODE_SIGN_STYLE = Manual;
				DEFINES_MODULE = YES;
				DEVELOPMENT_TEAM = "";
				DYLIB_COMPATIBILITY_VERSION = 1;
				DYLIB_CURRENT_VERSION = 1;
				DYLIB_INSTALL_NAME_BASE = "@rpath";
				INFOPLIST_FILE = iOSCommonUI/Info.plist;
				INSTALL_PATH = "$(LOCAL_LIBRARY_DIR)/Frameworks";
				IPHONEOS_DEPLOYMENT_TARGET = 9.0;
				LD_RUNPATH_SEARCH_PATHS = "$(inherited) @executable_path/Frameworks @loader_path/Frameworks";
				PRODUCT_BUNDLE_IDENTIFIER = ph.com.idahkeith.iOSCommonUI;
				PRODUCT_NAME = "$(TARGET_NAME)";
				PROVISIONING_PROFILE_SPECIFIER = "";
				SKIP_INSTALL = YES;
				SWIFT_VERSION = 4.2;
			};
			name = Release;
		};
		5336A78C1FCA5EAF00883093 /* Debug */ = {
			isa = XCBuildConfiguration;
			baseConfigurationReference = 9F74F178A966C73046256BC4 /* Pods-iOSCommonUITests.debug.xcconfig */;
			buildSettings = {
				ALWAYS_EMBED_SWIFT_STANDARD_LIBRARIES = YES;
				INFOPLIST_FILE = iOSCommonUITests/Info.plist;
				LD_RUNPATH_SEARCH_PATHS = "$(inherited) @executable_path/Frameworks @loader_path/Frameworks";
				PRODUCT_BUNDLE_IDENTIFIER = ph.com.idahkeith.iOSCommonUITests;
				PRODUCT_NAME = "$(TARGET_NAME)";
				SWIFT_VERSION = 3.0;
			};
			name = Debug;
		};
		5336A78D1FCA5EAF00883093 /* Release */ = {
			isa = XCBuildConfiguration;
			baseConfigurationReference = 081E0772AA8728A6EF604D6B /* Pods-iOSCommonUITests.release.xcconfig */;
			buildSettings = {
				ALWAYS_EMBED_SWIFT_STANDARD_LIBRARIES = YES;
				INFOPLIST_FILE = iOSCommonUITests/Info.plist;
				LD_RUNPATH_SEARCH_PATHS = "$(inherited) @executable_path/Frameworks @loader_path/Frameworks";
				PRODUCT_BUNDLE_IDENTIFIER = ph.com.idahkeith.iOSCommonUITests;
				PRODUCT_NAME = "$(TARGET_NAME)";
				SWIFT_VERSION = 3.0;
			};
			name = Release;
		};
/* End XCBuildConfiguration section */

/* Begin XCConfigurationList section */
		5336A76E1FCA5EAF00883093 /* Build configuration list for PBXProject "iOSCommonUI" */ = {
			isa = XCConfigurationList;
			buildConfigurations = (
				5336A7861FCA5EAF00883093 /* Debug */,
				5336A7871FCA5EAF00883093 /* Release */,
			);
			defaultConfigurationIsVisible = 0;
			defaultConfigurationName = Release;
		};
		5336A7881FCA5EAF00883093 /* Build configuration list for PBXNativeTarget "iOSCommonUI" */ = {
			isa = XCConfigurationList;
			buildConfigurations = (
				5336A7891FCA5EAF00883093 /* Debug */,
				5336A78A1FCA5EAF00883093 /* Release */,
			);
			defaultConfigurationIsVisible = 0;
			defaultConfigurationName = Release;
		};
		5336A78B1FCA5EAF00883093 /* Build configuration list for PBXNativeTarget "iOSCommonUITests" */ = {
			isa = XCConfigurationList;
			buildConfigurations = (
				5336A78C1FCA5EAF00883093 /* Debug */,
				5336A78D1FCA5EAF00883093 /* Release */,
			);
			defaultConfigurationIsVisible = 0;
			defaultConfigurationName = Release;
		};
/* End XCConfigurationList section */
	};
	rootObject = 5336A76B1FCA5EAF00883093 /* Project object */;
}
